
Microsoft Visual Studio Solution File, Format Version 12.00
# Visual Studio Version 17
VisualStudioVersion = 17.9.34728.123
MinimumVisualStudioVersion = 10.0.40219.1
Project("{9A19103F-16F7-4668-BE54-9A1E7A4F7556}") = "KMD.School", "KMD.School\KMD.School.csproj", "{F6B2F4E4-FCF9-4356-A0B3-5FB9B7D07B41}"
EndProject
Project("{9A19103F-16F7-4668-BE54-9A1E7A4F7556}") = "KMD.School.Test.Integration", "KMD.School.Test.Integration\KMD.School.Test.Integration.csproj", "{5CD8EECE-80AD-4779-9F70-B59BFD5AC315}"
EndProject
Project("{9A19103F-16F7-4668-BE54-9A1E7A4F7556}") = "KMD.School.Dto", "KMD.School.Dto\KMD.School.Dto.csproj", "{C47EC369-1807-423C-AA31-7E3613C5C08F}"
EndProject
Project("{9A19103F-16F7-4668-BE54-9A1E7A4F7556}") = "KMD.School.Test.Unit", "KMD.School.Test.Unit\KMD.School.Test.Unit.csproj", "{994F4DED-CD75-434F-B027-117869DDA018}"
EndProject
Project("{FAE04EC0-301F-11D3-BF4B-00C04F79EFBC}") = "KMD.School.Infrastucture", "KMD.School.Infrastucture\KMD.School.Infrastucture.csproj", "{FAFC682A-0435-4229-A185-1ECC012FF6E1}"
EndProject
Project("{FAE04EC0-301F-11D3-BF4B-00C04F79EFBC}") = "KMD.Model", "KMD.Model\KMD.Model.csproj", "{A4DDBED1-6352-4BCF-89B6-7EB1A95A911F}"
EndProject
Global
	GlobalSection(SolutionConfigurationPlatforms) = preSolution
		Debug|Any CPU = Debug|Any CPU
		Release|Any CPU = Release|Any CPU
	EndGlobalSection
	GlobalSection(ProjectConfigurationPlatforms) = postSolution
		{F6B2F4E4-FCF9-4356-A0B3-5FB9B7D07B41}.Debug|Any CPU.ActiveCfg = Debug|Any CPU
		{F6B2F4E4-FCF9-4356-A0B3-5FB9B7D07B41}.Debug|Any CPU.Build.0 = Debug|Any CPU
		{F6B2F4E4-FCF9-4356-A0B3-5FB9B7D07B41}.Release|Any CPU.ActiveCfg = Release|Any CPU
		{F6B2F4E4-FCF9-4356-A0B3-5FB9B7D07B41}.Release|Any CPU.Build.0 = Release|Any CPU
		{5CD8EECE-80AD-4779-9F70-B59BFD5AC315}.Debug|Any CPU.ActiveCfg = Debug|Any CPU
		{5CD8EECE-80AD-4779-9F70-B59BFD5AC315}.Debug|Any CPU.Build.0 = Debug|Any CPU
		{5CD8EECE-80AD-4779-9F70-B59BFD5AC315}.Release|Any CPU.ActiveCfg = Release|Any CPU
		{5CD8EECE-80AD-4779-9F70-B59BFD5AC315}.Release|Any CPU.Build.0 = Release|Any CPU
		{C47EC369-1807-423C-AA31-7E3613C5C08F}.Debug|Any CPU.ActiveCfg = Debug|Any CPU
		{C47EC369-1807-423C-AA31-7E3613C5C08F}.Debug|Any CPU.Build.0 = Debug|Any CPU
		{C47EC369-1807-423C-AA31-7E3613C5C08F}.Release|Any CPU.ActiveCfg = Release|Any CPU
		{C47EC369-1807-423C-AA31-7E3613C5C08F}.Release|Any CPU.Build.0 = Release|Any CPU
		{994F4DED-CD75-434F-B027-117869DDA018}.Debug|Any CPU.ActiveCfg = Debug|Any CPU
		{994F4DED-CD75-434F-B027-117869DDA018}.Debug|Any CPU.Build.0 = Debug|Any CPU
		{994F4DED-CD75-434F-B027-117869DDA018}.Release|Any CPU.ActiveCfg = Release|Any CPU
		{994F4DED-CD75-434F-B027-117869DDA018}.Release|Any CPU.Build.0 = Release|Any CPU
		{FAFC682A-0435-4229-A185-1ECC012FF6E1}.Debug|Any CPU.ActiveCfg = Debug|Any CPU
		{FAFC682A-0435-4229-A185-1ECC012FF6E1}.Debug|Any CPU.Build.0 = Debug|Any CPU
		{FAFC682A-0435-4229-A185-1ECC012FF6E1}.Release|Any CPU.ActiveCfg = Release|Any CPU
		{FAFC682A-0435-4229-A185-1ECC012FF6E1}.Release|Any CPU.Build.0 = Release|Any CPU
		{A4DDBED1-6352-4BCF-89B6-7EB1A95A911F}.Debug|Any CPU.ActiveCfg = Debug|Any CPU
		{A4DDBED1-6352-4BCF-89B6-7EB1A95A911F}.Debug|Any CPU.Build.0 = Debug|Any CPU
		{A4DDBED1-6352-4BCF-89B6-7EB1A95A911F}.Release|Any CPU.ActiveCfg = Release|Any CPU
		{A4DDBED1-6352-4BCF-89B6-7EB1A95A911F}.Release|Any CPU.Build.0 = Release|Any CPU
	EndGlobalSection
	GlobalSection(SolutionProperties) = preSolution
		HideSolutionNode = FALSE
	EndGlobalSection
	GlobalSection(ExtensibilityGlobals) = postSolution
		SolutionGuid = {8AAA3931-CF40-4665-B9B3-91BA733E8CE4}
	EndGlobalSection
EndGlobal
